### YamlMime:PowershellCmdlet
summary: |-
  Removes a resource lock.
module: Az.Resources
notes: ""
inputs:
- name: <xref href="System.String" data-throw-if-not-resolved="False" />
  description: ""
outputs:
- name: <xref href="System.Management.Automation.PSObject" data-throw-if-not-resolved="False" />
  description: ""
links:
- text: Get-AzResourceLock
  href: ./Get-AzResourceLock.yml
- text: New-AzResourceLock
  href: ./New-AzResourceLock.yml
- text: Set-AzResourceLock
  href: ./Set-AzResourceLock.yml
syntaxes:
- >-
  Remove-AzResourceLock [-Force] -LockId <String> [-ApiVersion <String>] [-Pre]

   [-DefaultProfile <IAzureContextContainer>] [-WhatIf] [-Confirm] [<CommonParameters>]
- >-
  Remove-AzResourceLock -LockName <String> [-Force] -ResourceGroupName <String> [-ApiVersion <String>] [-Pre]

   [-DefaultProfile <IAzureContextContainer>] [-WhatIf] [-Confirm] [<CommonParameters>]
- >-
  Remove-AzResourceLock -LockName <String> [-Force] -ResourceName <String> -ResourceType <String>

   -ResourceGroupName <String> [-ApiVersion <String>] [-Pre] [-DefaultProfile <IAzureContextContainer>] [-WhatIf]

   [-Confirm] [<CommonParameters>]
- >-
  Remove-AzResourceLock -LockName <String> [-Force] -Scope <String> [-ApiVersion <String>] [-Pre]

   [-DefaultProfile <IAzureContextContainer>] [-WhatIf] [-Confirm] [<CommonParameters>]
- >-
  Remove-AzResourceLock -LockName <String> [-Force] [-ApiVersion <String>] [-Pre]

   [-DefaultProfile <IAzureContextContainer>] [-WhatIf] [-Confirm] [<CommonParameters>]
- >-
  Remove-AzResourceLock -LockName <String> [-Force] -ResourceName <String> -ResourceType <String>

   [-ApiVersion <String>] [-Pre] [-DefaultProfile <IAzureContextContainer>] [-WhatIf] [-Confirm]

   [<CommonParameters>]
- >-
  Remove-AzResourceLock -LockName <String> [-Force] -ResourceName <String> -ResourceType <String> [-TenantLevel]

   [-ApiVersion <String>] [-Pre] [-DefaultProfile <IAzureContextContainer>] [-WhatIf] [-Confirm]

   [<CommonParameters>]
examples:
- title: 'Example 1: Remove a lock'
  code: |-
    PS C:\>Remove-AzResourceLock -LockName "ContosoSiteLock" -ResourceName "/subscriptions/00000000-0000-0000-0000-000000000000/resourceGroups/Default-Storage-SouthCentralUS/providers/Microsoft.ClassicStorage/storageAccounts/mystorageaccount/providers/Microsoft.Authorization/locks/test"
  description: |-
    This command removes the lock named ContosoSiteLock.
  summary: ""
parameters:
- type: <xref href="System.String" data-throw-if-not-resolved="False" />
  name: ApiVersion
  description: |+
    Specifies the version of the resource provider API to use.
    If you do not specify a version, this cmdlet uses the latest available version.

  defaultValue: None
  position: Named
  aliases: ""
  parameterValueGroup: ""
- type: <xref href="System.Management.Automation.SwitchParameter" data-throw-if-not-resolved="False" />
  name: Confirm
  description: |+
    Prompts you for confirmation before running the cmdlet.

  defaultValue: "False"
  position: Named
  aliases: cf
  parameterValueGroup: ""
- type: <xref href="Microsoft.Azure.Commands.Common.Authentication.Abstractions.Core.IAzureContextContainer" data-throw-if-not-resolved="False" />
  name: DefaultProfile
  description: |+
    The credentials, account, tenant, and subscription used for communication with azure

  defaultValue: None
  position: Named
  aliases: AzContext, AzureRmContext, AzureCredential
  parameterValueGroup: ""
- type: <xref href="System.Management.Automation.SwitchParameter" data-throw-if-not-resolved="False" />
  name: Force
  description: |+
    Forces the command to run without asking for user confirmation.

  defaultValue: None
  position: Named
  aliases: ""
  parameterValueGroup: ""
- type: <xref href="System.String" data-throw-if-not-resolved="False" />
  name: LockId
  isRequired: true
  description: |+
    Specifies the ID of the lock that this cmdlet removes.

  defaultValue: None
  pipelineInput: true
  position: Named
  aliases: Id, ResourceId
  parameterValueGroup: ""
- type: <xref href="System.String" data-throw-if-not-resolved="False" />
  name: LockName
  isRequired: true
  description: |+
    Specifies the name of the lock that this cmdlet removes.

  defaultValue: None
  pipelineInput: true
  position: Named
  aliases: ExtensionResourceName, Name
  parameterValueGroup: ""
- type: <xref href="System.Management.Automation.SwitchParameter" data-throw-if-not-resolved="False" />
  name: Pre
  description: |+
    Indicates that this cmdlet considers pre-release API versions when it automatically determines which version to use.

  defaultValue: None
  position: Named
  aliases: ""
  parameterValueGroup: ""
- type: <xref href="System.String" data-throw-if-not-resolved="False" />
  name: ResourceGroupName
  isRequired: true
  description: |+
    Specifies the name of the resource group for which the lock applies.

  defaultValue: None
  pipelineInput: true
  position: Named
  aliases: ""
  parameterValueGroup: ""
- type: <xref href="System.String" data-throw-if-not-resolved="False" />
  name: ResourceName
  isRequired: true
  description: |+
    Specifies the name of the resource for which the lock applies.
    For instance, to specify a database, use the following format: 
    Server`/`Database

  defaultValue: None
  pipelineInput: true
  position: Named
  aliases: ""
  parameterValueGroup: ""
- type: <xref href="System.String" data-throw-if-not-resolved="False" />
  name: ResourceType
  isRequired: true
  description: |+
    Specifies the resource type of the resource for which the lock applies.

  defaultValue: None
  pipelineInput: true
  position: Named
  aliases: ""
  parameterValueGroup: ""
- type: <xref href="System.String" data-throw-if-not-resolved="False" />
  name: Scope
  isRequired: true
  description: |+
    Specifies the scope to which the lock applies.

  defaultValue: None
  pipelineInput: true
  position: Named
  aliases: ""
  parameterValueGroup: ""
- type: <xref href="System.Management.Automation.SwitchParameter" data-throw-if-not-resolved="False" />
  name: TenantLevel
  isRequired: true
  description: |+
    Indicates that this cmdlet operates at the tenant level.

  defaultValue: None
  position: Named
  aliases: ""
  parameterValueGroup: ""
- type: <xref href="System.Management.Automation.SwitchParameter" data-throw-if-not-resolved="False" />
  name: WhatIf
  description: |+
    Shows what would happen if the cmdlet runs.
    The cmdlet is not run.

  defaultValue: "False"
  position: Named
  aliases: wi
  parameterValueGroup: ""
uid: Az.Resources.Remove-AzResourceLock
name: Remove-AzResourceLock
description: |-
  The **Remove-AzResourceLock** cmdlet removes an Azure resource lock.
metadata:
  external help file: Microsoft.Azure.PowerShell.Cmdlets.ResourceManager.dll-Help.xml
  Module Name: Az.Resources
  ms.assetid: 42EEAAA8-F13B-486B-82BD-F646EF0DCDBA
  online version: https://docs.microsoft.com/en-us/powershell/module/az.resources/remove-azresourcelock
  schema: 2.0.0
  content_git_url: https://github.com/Azure/azure-powershell/blob/master/src/Resources/Resources/help/Remove-AzResourceLock.md
  original_content_git_url: https://github.com/Azure/azure-powershell/blob/master/src/Resources/Resources/help/Remove-AzResourceLock.md
