### YamlMime:PowerShellCmdlet1
uid: Az.Resources.Set-AzResourceLock
name: Set-AzResourceLock
module: Az.Resources
isPreview: false
summary: |-
  Modifies a resource lock.
description: |-
  The **Set-AzResourceLock** cmdlet modifies a resource lock.
parameters:
  cmdletParameters:
  - name: ApiVersion
    type: <xref href="System.String" data-throw-if-not-resolved="False" />
    description: |-
      Specifies the version of the resource provider API to use.
      If you do not specify a version, this cmdlet uses the latest available version.
    defaultValue: None
    dontShow: false
    isDynamic: false
    parameterSets:
    - name: (All)
      position: Named
      isRequired: false
      valueFromPipeline: false
      valueFromPipelineByPropertyName: false
      valueFromRemainingArguments: false
    supportsWildcards: false
  - name: Confirm
    type: <xref href="System.Management.Automation.SwitchParameter" data-throw-if-not-resolved="False" />
    description: |-
      Prompts you for confirmation before running the cmdlet.
    aliases:
    - cf
    defaultValue: "False"
    dontShow: false
    isDynamic: false
    parameterSets:
    - name: (All)
      position: Named
      isRequired: false
      valueFromPipeline: false
      valueFromPipelineByPropertyName: false
      valueFromRemainingArguments: false
    supportsWildcards: false
  - name: DefaultProfile
    type: <xref href="Microsoft.Azure.Commands.Common.Authentication.Abstractions.IAzureContextContainer" data-throw-if-not-resolved="False" />
    description: |-
      The credentials, account, tenant, and subscription used for communication with azure
    aliases:
    - AzContext
    - AzureCredential
    defaultValue: None
    dontShow: false
    isDynamic: false
    parameterSets:
    - name: (All)
      position: Named
      isRequired: false
      valueFromPipeline: false
      valueFromPipelineByPropertyName: false
      valueFromRemainingArguments: false
    supportsWildcards: false
  - name: Force
    type: <xref href="System.Management.Automation.SwitchParameter" data-throw-if-not-resolved="False" />
    description: |-
      Forces the command to run without asking for user confirmation.
    defaultValue: None
    dontShow: false
    isDynamic: false
    parameterSets:
    - name: (All)
      position: Named
      isRequired: false
      valueFromPipeline: false
      valueFromPipelineByPropertyName: false
      valueFromRemainingArguments: false
    supportsWildcards: false
  - name: InformationAction
    type: <xref href="System.Management.Automation.ActionPreference" data-throw-if-not-resolved="False" />
    description: |-
      Specifies how this cmdlet responds to an information event.
      The acceptable values for this parameter are:
      - Continue
      - Ignore
      - Inquire
      - SilentlyContinue
      - Stop
      - Suspend
    aliases:
    - infa
    defaultValue: None
    dontShow: false
    isDynamic: false
    parameterSets:
    - name: (All)
      position: Named
      isRequired: false
      valueFromPipeline: false
      valueFromPipelineByPropertyName: false
      valueFromRemainingArguments: false
    supportsWildcards: false
  - name: InformationVariable
    type: <xref href="System.String" data-throw-if-not-resolved="False" />
    description: |-
      Specifies an information variable.
    aliases:
    - iv
    defaultValue: None
    dontShow: false
    isDynamic: false
    parameterSets:
    - name: (All)
      position: Named
      isRequired: false
      valueFromPipeline: false
      valueFromPipelineByPropertyName: false
      valueFromRemainingArguments: false
    supportsWildcards: false
  - name: LockId
    type: <xref href="System.String" data-throw-if-not-resolved="False" />
    description: |-
      Specifies the ID of the lock that this cmdlet modifies.
    aliases:
    - Id
    - ResourceId
    defaultValue: None
    dontShow: false
    isDynamic: false
    parameterSets:
    - name: ByLockId
      position: Named
      isRequired: true
      valueFromPipeline: false
      valueFromPipelineByPropertyName: true
      valueFromRemainingArguments: false
    supportsWildcards: false
  - name: LockLevel
    type: <xref href="Microsoft.Azure.Commands.ResourceManager.Cmdlets.Entities.Locks.LockLevel" data-throw-if-not-resolved="False" />
    description: |-
      Specifies the level for the lock.
      Currently, the only valid value is CanNotDelete.
    aliases:
    - Level
    defaultValue: None
    dontShow: false
    isDynamic: false
    parameterSets:
    - name: (All)
      position: Named
      isRequired: true
      valueFromPipeline: false
      valueFromPipelineByPropertyName: true
      valueFromRemainingArguments: false
    supportsWildcards: false
  - name: LockName
    type: <xref href="System.String" data-throw-if-not-resolved="False" />
    description: |-
      Specifies the name of the lock that this cmdlet modifies.
    aliases:
    - ExtensionResourceName
    - Name
    defaultValue: None
    dontShow: false
    isDynamic: false
    parameterSets:
    - name: BySpecifiedScope
      position: Named
      isRequired: true
      valueFromPipeline: false
      valueFromPipelineByPropertyName: true
      valueFromRemainingArguments: false
    - name: ByResourceGroup
      position: Named
      isRequired: true
      valueFromPipeline: false
      valueFromPipelineByPropertyName: true
      valueFromRemainingArguments: false
    - name: ByResourceGroupLevel
      position: Named
      isRequired: true
      valueFromPipeline: false
      valueFromPipelineByPropertyName: true
      valueFromRemainingArguments: false
    - name: BySubscription
      position: Named
      isRequired: true
      valueFromPipeline: false
      valueFromPipelineByPropertyName: true
      valueFromRemainingArguments: false
    - name: BySubscriptionLevel
      position: Named
      isRequired: true
      valueFromPipeline: false
      valueFromPipelineByPropertyName: true
      valueFromRemainingArguments: false
    - name: ByTenantLevel
      position: Named
      isRequired: true
      valueFromPipeline: false
      valueFromPipelineByPropertyName: true
      valueFromRemainingArguments: false
    supportsWildcards: false
  - name: LockNotes
    type: <xref href="System.String" data-throw-if-not-resolved="False" />
    description: |-
      Specifies the notes for the lock.
    aliases:
    - Notes
    defaultValue: None
    dontShow: false
    isDynamic: false
    parameterSets:
    - name: (All)
      position: Named
      isRequired: false
      valueFromPipeline: false
      valueFromPipelineByPropertyName: true
      valueFromRemainingArguments: false
    supportsWildcards: false
  - name: Pre
    type: <xref href="System.Management.Automation.SwitchParameter" data-throw-if-not-resolved="False" />
    description: |-
      Indicates that this cmdlet considers pre-release API versions when it automatically determines which version to use.
    defaultValue: None
    dontShow: false
    isDynamic: false
    parameterSets:
    - name: (All)
      position: Named
      isRequired: false
      valueFromPipeline: false
      valueFromPipelineByPropertyName: false
      valueFromRemainingArguments: false
    supportsWildcards: false
  - name: ResourceGroupName
    type: <xref href="System.String" data-throw-if-not-resolved="False" />
    description: |-
      Specifies the name of the resource group for which the lock applies.
    defaultValue: None
    dontShow: false
    isDynamic: false
    parameterSets:
    - name: ByResourceGroup
      position: Named
      isRequired: true
      valueFromPipeline: false
      valueFromPipelineByPropertyName: true
      valueFromRemainingArguments: false
    - name: ByResourceGroupLevel
      position: Named
      isRequired: true
      valueFromPipeline: false
      valueFromPipelineByPropertyName: true
      valueFromRemainingArguments: false
    supportsWildcards: false
  - name: ResourceName
    type: <xref href="System.String" data-throw-if-not-resolved="False" />
    description: |-
      Specifies the name of the resource for which the lock applies.
      For instance, to specify a database, use the following format:
      Server`/`Database
    defaultValue: None
    dontShow: false
    isDynamic: false
    parameterSets:
    - name: ByResourceGroupLevel
      position: Named
      isRequired: true
      valueFromPipeline: false
      valueFromPipelineByPropertyName: true
      valueFromRemainingArguments: false
    - name: BySubscriptionLevel
      position: Named
      isRequired: true
      valueFromPipeline: false
      valueFromPipelineByPropertyName: true
      valueFromRemainingArguments: false
    - name: ByTenantLevel
      position: Named
      isRequired: true
      valueFromPipeline: false
      valueFromPipelineByPropertyName: true
      valueFromRemainingArguments: false
    supportsWildcards: false
  - name: ResourceType
    type: <xref href="System.String" data-throw-if-not-resolved="False" />
    description: |-
      Specifies the resource type for which the lock applies.
    defaultValue: None
    dontShow: false
    isDynamic: false
    parameterSets:
    - name: ByResourceGroupLevel
      position: Named
      isRequired: true
      valueFromPipeline: false
      valueFromPipelineByPropertyName: true
      valueFromRemainingArguments: false
    - name: BySubscriptionLevel
      position: Named
      isRequired: true
      valueFromPipeline: false
      valueFromPipelineByPropertyName: true
      valueFromRemainingArguments: false
    - name: ByTenantLevel
      position: Named
      isRequired: true
      valueFromPipeline: false
      valueFromPipelineByPropertyName: true
      valueFromRemainingArguments: false
    supportsWildcards: false
  - name: Scope
    type: <xref href="System.String" data-throw-if-not-resolved="False" />
    description: |-
      Specifies the scope to which the lock applies.
      For instance, to specify a database, use the following format:
      `/subscriptions/`subscription ID`/resourceGroups/`resource group name`/providers/Microsoft.Sql/servers/`server name`/databases/`database name
      To specify a resource group, use the following format:
      `/subscriptions/`subscription ID`/resourceGroups/`resource group name
    defaultValue: None
    dontShow: false
    isDynamic: false
    parameterSets:
    - name: BySpecifiedScope
      position: Named
      isRequired: true
      valueFromPipeline: false
      valueFromPipelineByPropertyName: true
      valueFromRemainingArguments: false
    supportsWildcards: false
  - name: TenantLevel
    type: <xref href="System.Management.Automation.SwitchParameter" data-throw-if-not-resolved="False" />
    description: |-
      Indicates that this cmdlet operates at the tenant level.
    defaultValue: None
    dontShow: false
    isDynamic: false
    parameterSets:
    - name: ByTenantLevel
      position: Named
      isRequired: true
      valueFromPipeline: false
      valueFromPipelineByPropertyName: false
      valueFromRemainingArguments: false
    supportsWildcards: false
  - name: WhatIf
    type: <xref href="System.Management.Automation.SwitchParameter" data-throw-if-not-resolved="False" />
    description: |-
      Shows what would happen if the cmdlet runs.
      The cmdlet is not run.
    aliases:
    - wi
    defaultValue: "False"
    dontShow: false
    isDynamic: false
    parameterSets:
    - name: (All)
      position: Named
      isRequired: false
      valueFromPipeline: false
      valueFromPipelineByPropertyName: false
      valueFromRemainingArguments: false
    supportsWildcards: false
  commonParameters: |-
    This cmdlet supports the common parameters: -Debug, -ErrorAction, -ErrorVariable,
    -InformationAction, -InformationVariable, -OutBuffer, -OutVariable, -PipelineVariable,
    -ProgressAction, -Verbose, -WarningAction, and -WarningVariable. For more information, see
    [about_CommonParameters](https://go.microsoft.com/fwlink/?LinkID=113216).
syntaxes:
- syntax: |-
    ```Syntax
    Set-AzResourceLock
        -LockName <String>
        -LockLevel <LockLevel>
        -Scope <String>
        [-LockNotes <String>]
        [-Force]
        [-ApiVersion <String>]
        [-Pre]
        [-DefaultProfile <IAzureContextContainer>]
        [-InformationAction <ActionPreference>]
        [-InformationVariable <String>]
        [-WhatIf]
        [-Confirm]
        [<CommonParameters>]
    ```
  parameterSetName: BySpecifiedScope
  isDefault: true
- syntax: |-
    ```Syntax
    Set-AzResourceLock
        -LockName <String>
        -LockLevel <LockLevel>
        -ResourceGroupName <String>
        [-LockNotes <String>]
        [-Force]
        [-ApiVersion <String>]
        [-Pre]
        [-DefaultProfile <IAzureContextContainer>]
        [-InformationAction <ActionPreference>]
        [-InformationVariable <String>]
        [-WhatIf]
        [-Confirm]
        [<CommonParameters>]
    ```
  parameterSetName: ByResourceGroup
  isDefault: false
- syntax: |-
    ```Syntax
    Set-AzResourceLock
        -LockName <String>
        -LockLevel <LockLevel>
        -ResourceName <String>
        -ResourceType <String>
        -ResourceGroupName <String>
        [-LockNotes <String>]
        [-Force]
        [-ApiVersion <String>]
        [-Pre]
        [-DefaultProfile <IAzureContextContainer>]
        [-InformationAction <ActionPreference>]
        [-InformationVariable <String>]
        [-WhatIf]
        [-Confirm]
        [<CommonParameters>]
    ```
  parameterSetName: ByResourceGroupLevel
  isDefault: false
- syntax: |-
    ```Syntax
    Set-AzResourceLock
        -LockName <String>
        -LockLevel <LockLevel>
        [-LockNotes <String>]
        [-Force]
        [-ApiVersion <String>]
        [-Pre]
        [-DefaultProfile <IAzureContextContainer>]
        [-InformationAction <ActionPreference>]
        [-InformationVariable <String>]
        [-WhatIf]
        [-Confirm]
        [<CommonParameters>]
    ```
  parameterSetName: BySubscription
  isDefault: false
- syntax: |-
    ```Syntax
    Set-AzResourceLock
        -LockName <String>
        -LockLevel <LockLevel>
        -ResourceName <String>
        -ResourceType <String>
        [-LockNotes <String>]
        [-Force]
        [-ApiVersion <String>]
        [-Pre]
        [-DefaultProfile <IAzureContextContainer>]
        [-InformationAction <ActionPreference>]
        [-InformationVariable <String>]
        [-WhatIf]
        [-Confirm]
        [<CommonParameters>]
    ```
  parameterSetName: BySubscriptionLevel
  isDefault: false
- syntax: |-
    ```Syntax
    Set-AzResourceLock
        -LockName <String>
        -LockLevel <LockLevel>
        -ResourceName <String>
        -ResourceType <String>
        [-LockNotes <String>]
        [-Force]
        [-TenantLevel]
        [-ApiVersion <String>]
        [-Pre]
        [-DefaultProfile <IAzureContextContainer>]
        [-InformationAction <ActionPreference>]
        [-InformationVariable <String>]
        [-WhatIf]
        [-Confirm]
        [<CommonParameters>]
    ```
  parameterSetName: ByTenantLevel
  isDefault: false
- syntax: |-
    ```Syntax
    Set-AzResourceLock
        -LockLevel <LockLevel>
        -LockId <String>
        [-LockNotes <String>]
        [-Force]
        [-ApiVersion <String>]
        [-Pre]
        [-DefaultProfile <IAzureContextContainer>]
        [-InformationAction <ActionPreference>]
        [-InformationVariable <String>]
        [-WhatIf]
        [-Confirm]
        [<CommonParameters>]
    ```
  parameterSetName: ByLockId
  isDefault: false
examples:
- title: 'Example 1: Update notes for a lock'
  description: |-
    ```
    PS C:\>Set-AzResourceLock -LockLevel CanNotDelete -LockNotes "Updated note" -LockName "ContosoSiteLock" -ResourceName "ContosoSite" -ResourceType "microsoft.web/sites" -ResourceGroupName "ResourceGroup11"
    ```

    This command updates the note for a lock named ContosoSiteLock.
links:
- text: Get-AzResourceLock
  href: ./Get-AzResourceLock.yml
- text: New-AzResourceLock
  href: ./New-AzResourceLock.yml
- text: Remove-AzResourceLock
  href: ./Remove-AzResourceLock.yml
metadata:
  content_git_url: https://github.com/Azure/azure-powershell/blob/Azs-tzl/src/Resources/Resources/help/Set-AzResourceLock.md
  document type: cmdlet
  external help file: Microsoft.Azure.PowerShell.Cmdlets.ResourceManager.dll-Help.xml
  HelpUri: https://learn.microsoft.com/en-us/powershell/module/az.resources/set-Azresourcelock
  Module Name: Az.Resources
  ms.assetid: 770093CD-CE2A-4076-8A28-F4DCFFB7A075
  original_content_git_url: https://github.com/Azure/azure-powershell/blob/Azs-tzl/src/Resources/Resources/help/Set-AzResourceLock.md
  PlatyPS schema version: 2024-05-01
