### YamlMime:PowerShellCmdlet1
uid: Az.NetAppFiles.Unlock-AzNetAppFilesVolumeFileLock
name: Unlock-AzNetAppFilesVolumeFileLock
module: Az.NetAppFiles
isPreview: false
summary: |-
  Break file locks
description: |-
  Break all the file locks on a volume
parameters:
  cmdletParameters:
  - name: AccountName
    type: <xref href="System.String" data-throw-if-not-resolved="False" />
    description: |-
      The name of the ANF account
    defaultValue: None
    dontShow: false
    isDynamic: false
    parameterSets:
    - name: ByFieldsParameterSet
      position: Named
      isRequired: true
      valueFromPipeline: false
      valueFromPipelineByPropertyName: false
      valueFromRemainingArguments: false
    supportsWildcards: false
  - name: ClientIp
    type: <xref href="System.String" data-throw-if-not-resolved="False" />
    description: |-
      To clear file locks on a volume for a particular client.
    defaultValue: None
    dontShow: false
    isDynamic: false
    parameterSets:
    - name: (All)
      position: Named
      isRequired: false
      valueFromPipeline: false
      valueFromPipelineByPropertyName: false
      valueFromRemainingArguments: false
    supportsWildcards: false
  - name: Confirm
    type: <xref href="System.Management.Automation.SwitchParameter" data-throw-if-not-resolved="False" />
    description: |-
      Prompts you for confirmation before running the cmdlet.
    aliases:
    - cf
    defaultValue: None
    dontShow: false
    isDynamic: false
    parameterSets:
    - name: (All)
      position: Named
      isRequired: false
      valueFromPipeline: false
      valueFromPipelineByPropertyName: false
      valueFromRemainingArguments: false
    supportsWildcards: false
  - name: DefaultProfile
    type: <xref href="Microsoft.Azure.Commands.Common.Authentication.Abstractions.Core.IAzureContextContainer" data-throw-if-not-resolved="False" />
    description: |-
      The credentials, account, tenant, and subscription used for communication with Azure.
    aliases:
    - AzContext
    - AzureRmContext
    - AzureCredential
    defaultValue: None
    dontShow: false
    isDynamic: false
    parameterSets:
    - name: (All)
      position: Named
      isRequired: false
      valueFromPipeline: false
      valueFromPipelineByPropertyName: false
      valueFromRemainingArguments: false
    supportsWildcards: false
  - name: InputObject
    type: <xref href="Microsoft.Azure.Commands.NetAppFiles.Models.PSNetAppFilesVolume" data-throw-if-not-resolved="False" />
    description: |-
      The volume object to break files locks on
    defaultValue: None
    dontShow: false
    isDynamic: false
    parameterSets:
    - name: ByObjectParameterSet
      position: Named
      isRequired: true
      valueFromPipeline: true
      valueFromPipelineByPropertyName: false
      valueFromRemainingArguments: false
    supportsWildcards: false
  - name: Name
    type: <xref href="System.String" data-throw-if-not-resolved="False" />
    description: |-
      The name of the ANF volume
    aliases:
    - VolumeName
    defaultValue: None
    dontShow: false
    isDynamic: false
    parameterSets:
    - name: ByFieldsParameterSet
      position: Named
      isRequired: true
      valueFromPipeline: false
      valueFromPipelineByPropertyName: false
      valueFromRemainingArguments: false
    - name: ByParentObjectParameterSet
      position: Named
      isRequired: true
      valueFromPipeline: false
      valueFromPipelineByPropertyName: false
      valueFromRemainingArguments: false
    supportsWildcards: false
  - name: PassThru
    type: <xref href="System.Management.Automation.SwitchParameter" data-throw-if-not-resolved="False" />
    description: |-
      Return whether FileLocks on the specified volumes where successfully broken
    defaultValue: None
    dontShow: false
    isDynamic: false
    parameterSets:
    - name: (All)
      position: Named
      isRequired: false
      valueFromPipeline: false
      valueFromPipelineByPropertyName: false
      valueFromRemainingArguments: false
    supportsWildcards: false
  - name: PoolName
    type: <xref href="System.String" data-throw-if-not-resolved="False" />
    description: |-
      The name of the ANF pool
    defaultValue: None
    dontShow: false
    isDynamic: false
    parameterSets:
    - name: ByFieldsParameterSet
      position: Named
      isRequired: true
      valueFromPipeline: false
      valueFromPipelineByPropertyName: false
      valueFromRemainingArguments: false
    supportsWildcards: false
  - name: PoolObject
    type: <xref href="Microsoft.Azure.Commands.NetAppFiles.Models.PSNetAppFilesPool" data-throw-if-not-resolved="False" />
    description: |-
      The pool object containing the volume to break file locks on
    defaultValue: None
    dontShow: false
    isDynamic: false
    parameterSets:
    - name: ByParentObjectParameterSet
      position: Named
      isRequired: true
      valueFromPipeline: true
      valueFromPipelineByPropertyName: false
      valueFromRemainingArguments: false
    supportsWildcards: false
  - name: ResourceGroupName
    type: <xref href="System.String" data-throw-if-not-resolved="False" />
    description: |-
      The resource group of the ANF volume
    defaultValue: None
    dontShow: false
    isDynamic: false
    parameterSets:
    - name: ByFieldsParameterSet
      position: Named
      isRequired: true
      valueFromPipeline: false
      valueFromPipelineByPropertyName: false
      valueFromRemainingArguments: false
    supportsWildcards: false
  - name: ResourceId
    type: <xref href="System.String" data-throw-if-not-resolved="False" />
    description: |-
      The resource id of the ANF volume
    defaultValue: None
    dontShow: false
    isDynamic: false
    parameterSets:
    - name: ByResourceIdParameterSet
      position: Named
      isRequired: true
      valueFromPipeline: false
      valueFromPipelineByPropertyName: true
      valueFromRemainingArguments: false
    supportsWildcards: false
  - name: WhatIf
    type: <xref href="System.Management.Automation.SwitchParameter" data-throw-if-not-resolved="False" />
    description: |-
      Shows what would happen if the cmdlet runs.
      The cmdlet is not run.
    aliases:
    - wi
    defaultValue: None
    dontShow: false
    isDynamic: false
    parameterSets:
    - name: (All)
      position: Named
      isRequired: false
      valueFromPipeline: false
      valueFromPipelineByPropertyName: false
      valueFromRemainingArguments: false
    supportsWildcards: false
  commonParameters: |-
    This cmdlet supports the common parameters: -Debug, -ErrorAction, -ErrorVariable,
    -InformationAction, -InformationVariable, -OutBuffer, -OutVariable, -PipelineVariable,
    -ProgressAction, -Verbose, -WarningAction, and -WarningVariable. For more information, see
    [about_CommonParameters](https://go.microsoft.com/fwlink/?LinkID=113216).
syntaxes:
- syntax: |-
    ```Syntax
    Unlock-AzNetAppFilesVolumeFileLock
        -ResourceGroupName <String>
        -AccountName <String>
        -PoolName <String>
        -Name <String>
        [-ClientIp <String>]
        [-PassThru]
        [-DefaultProfile <IAzureContextContainer>]
        [-WhatIf]
        [-Confirm]
        [<CommonParameters>]
    ```
  parameterSetName: ByFieldsParameterSet
  isDefault: true
- syntax: |-
    ```Syntax
    Unlock-AzNetAppFilesVolumeFileLock
        -Name <String>
        -PoolObject <PSNetAppFilesPool>
        [-ClientIp <String>]
        [-PassThru]
        [-DefaultProfile <IAzureContextContainer>]
        [-WhatIf]
        [-Confirm]
        [<CommonParameters>]
    ```
  parameterSetName: ByParentObjectParameterSet
  isDefault: false
- syntax: |-
    ```Syntax
    Unlock-AzNetAppFilesVolumeFileLock
        -ResourceId <String>
        [-ClientIp <String>]
        [-PassThru]
        [-DefaultProfile <IAzureContextContainer>]
        [-WhatIf]
        [-Confirm]
        [<CommonParameters>]
    ```
  parameterSetName: ByResourceIdParameterSet
  isDefault: false
- syntax: |-
    ```Syntax
    Unlock-AzNetAppFilesVolumeFileLock
        -InputObject <PSNetAppFilesVolume>
        [-ClientIp <String>]
        [-PassThru]
        [-DefaultProfile <IAzureContextContainer>]
        [-WhatIf]
        [-Confirm]
        [<CommonParameters>]
    ```
  parameterSetName: ByObjectParameterSet
  isDefault: false
inputs:
- name: <xref href="System.String" data-throw-if-not-resolved="False" />
- name: <xref href="Microsoft.Azure.Commands.NetAppFiles.Models.PSNetAppFilesPool" data-throw-if-not-resolved="False" />
- name: <xref href="Microsoft.Azure.Commands.NetAppFiles.Models.PSNetAppFilesVolume" data-throw-if-not-resolved="False" />
outputs:
- name: <xref href="System.Boolean" data-throw-if-not-resolved="False" />
examples:
- title: Example 1
  description: |-
    ```powershell
    Unlock-AzNetAppFilesVolumeFileLock -ResourceGroupName "MyRG" -AccountName "MyAnfAccount" -PoolName "MyAnfPool" -VolumeName "MyAnfVolume"
    ```

    This command breaks file locks on the specified ANF volume
metadata:
  content_git_url: https://github.com/Azure/azure-powershell/blob/main/src/NetAppFiles/NetAppFiles/help/Unlock-AzNetAppFilesVolumeFileLock.md
  document type: cmdlet
  external help file: Microsoft.Azure.PowerShell.Cmdlets.NetAppFiles.dll-Help.xml
  HelpUri: https://learn.microsoft.com/powershell/module/az.netappfiles/unlock-aznetappfilesvolumefilelock
  Module Name: Az.NetAppFiles
  original_content_git_url: https://github.com/Azure/azure-powershell/blob/main/src/NetAppFiles/NetAppFiles/help/Unlock-AzNetAppFilesVolumeFileLock.md
  PlatyPS schema version: 2024-05-01
