### YamlMime:PowershellCmdlet
summary: |-
  Modifies a resource lock.
module: Az.Resources
notes: ""
inputs:
- name: <xref href="System.String" data-throw-if-not-resolved="False" />
  description: ""
- name: <xref href="Microsoft.Azure.Commands.ResourceManager.Cmdlets.Entities.Locks.LockLevel" data-throw-if-not-resolved="False" />
  description: ""
outputs:
- name: <xref href="System.Management.Automation.PSObject" data-throw-if-not-resolved="False" />
  description: ""
links:
- text: Get-AzResourceLock
  href: ./Get-AzResourceLock.yml
- text: New-AzResourceLock
  href: ./New-AzResourceLock.yml
- text: Remove-AzResourceLock
  href: ./Remove-AzResourceLock.yml
syntaxes:
- >-
  Set-AzResourceLock -LockName <String> -LockLevel <LockLevel> [-LockNotes <String>] [-Force] -Scope <String>

   [-ApiVersion <String>] [-Pre] [-DefaultProfile <IAzureContextContainer>] [-WhatIf] [-Confirm]

   [<CommonParameters>]
- >-
  Set-AzResourceLock -LockName <String> -LockLevel <LockLevel> [-LockNotes <String>] [-Force]

   -ResourceGroupName <String> [-ApiVersion <String>] [-Pre] [-DefaultProfile <IAzureContextContainer>] [-WhatIf]

   [-Confirm] [<CommonParameters>]
- >-
  Set-AzResourceLock -LockName <String> -LockLevel <LockLevel> [-LockNotes <String>] [-Force]

   -ResourceName <String> -ResourceType <String> -ResourceGroupName <String> [-ApiVersion <String>] [-Pre]

   [-DefaultProfile <IAzureContextContainer>] [-WhatIf] [-Confirm] [<CommonParameters>]
- >-
  Set-AzResourceLock -LockName <String> -LockLevel <LockLevel> [-LockNotes <String>] [-Force]

   [-ApiVersion <String>] [-Pre] [-DefaultProfile <IAzureContextContainer>] [-WhatIf] [-Confirm]

   [<CommonParameters>]
- >-
  Set-AzResourceLock -LockName <String> -LockLevel <LockLevel> [-LockNotes <String>] [-Force]

   -ResourceName <String> -ResourceType <String> [-ApiVersion <String>] [-Pre]

   [-DefaultProfile <IAzureContextContainer>] [-WhatIf] [-Confirm] [<CommonParameters>]
- >-
  Set-AzResourceLock -LockName <String> -LockLevel <LockLevel> [-LockNotes <String>] [-Force]

   -ResourceName <String> -ResourceType <String> [-TenantLevel] [-ApiVersion <String>] [-Pre]

   [-DefaultProfile <IAzureContextContainer>] [-WhatIf] [-Confirm] [<CommonParameters>]
- >-
  Set-AzResourceLock -LockLevel <LockLevel> [-LockNotes <String>] [-Force] -LockId <String>

   [-ApiVersion <String>] [-Pre] [-DefaultProfile <IAzureContextContainer>] [-WhatIf] [-Confirm]

   [<CommonParameters>]
examples:
- title: 'Example 1: Update notes for a lock'
  code: |-
    PS C:\>Set-AzResourceLock -LockLevel CanNotDelete -LockNotes "Updated note" -LockName "ContosoSiteLock" -ResourceName "ContosoSite" -ResourceType "microsoft.web/sites" -ResourceGroupName "ResourceGroup11"
  description: |-
    This command updates the note for a lock named ContosoSiteLock.
  summary: ""
parameters:
- type: <xref href="System.String" data-throw-if-not-resolved="False" />
  name: ApiVersion
  description: |+
    Specifies the version of the resource provider API to use.
    If you do not specify a version, this cmdlet uses the latest available version.

  defaultValue: None
  position: Named
  aliases: ""
  parameterValueGroup: ""
- type: <xref href="System.Management.Automation.SwitchParameter" data-throw-if-not-resolved="False" />
  name: Confirm
  description: |+
    Prompts you for confirmation before running the cmdlet.

  defaultValue: "False"
  position: Named
  aliases: cf
  parameterValueGroup: ""
- type: <xref href="Microsoft.Azure.Commands.Common.Authentication.Abstractions.Core.IAzureContextContainer" data-throw-if-not-resolved="False" />
  name: DefaultProfile
  description: |+
    The credentials, account, tenant, and subscription used for communication with azure

  defaultValue: None
  position: Named
  aliases: AzContext, AzureRmContext, AzureCredential
  parameterValueGroup: ""
- type: <xref href="System.Management.Automation.SwitchParameter" data-throw-if-not-resolved="False" />
  name: Force
  description: |+
    Forces the command to run without asking for user confirmation.

  defaultValue: None
  position: Named
  aliases: ""
  parameterValueGroup: ""
- type: <xref href="System.String" data-throw-if-not-resolved="False" />
  name: LockId
  isRequired: true
  description: |+
    Specifies the ID of the lock that this cmdlet modifies.

  defaultValue: None
  pipelineInput: true
  position: Named
  aliases: Id, ResourceId
  parameterValueGroup: ""
- type: <xref href="Microsoft.Azure.Commands.ResourceManager.Cmdlets.Entities.Locks.LockLevel" data-throw-if-not-resolved="False" />
  name: LockLevel
  isRequired: true
  description: |+
    Specifies the level for the lock.
    Currently, the only valid value is CanNotDelete.

  defaultValue: None
  pipelineInput: true
  position: Named
  aliases: Level
  parameterValueGroup: CanNotDelete, ReadOnly
- type: <xref href="System.String" data-throw-if-not-resolved="False" />
  name: LockName
  isRequired: true
  description: |+
    Specifies the name of the lock that this cmdlet modifies.

  defaultValue: None
  pipelineInput: true
  position: Named
  aliases: ExtensionResourceName, Name
  parameterValueGroup: ""
- type: <xref href="System.String" data-throw-if-not-resolved="False" />
  name: LockNotes
  description: |+
    Specifies the notes for the lock.

  defaultValue: None
  pipelineInput: true
  position: Named
  aliases: Notes
  parameterValueGroup: ""
- type: <xref href="System.Management.Automation.SwitchParameter" data-throw-if-not-resolved="False" />
  name: Pre
  description: |+
    Indicates that this cmdlet considers pre-release API versions when it automatically determines which version to use.

  defaultValue: None
  position: Named
  aliases: ""
  parameterValueGroup: ""
- type: <xref href="System.String" data-throw-if-not-resolved="False" />
  name: ResourceGroupName
  isRequired: true
  description: |+
    Specifies the name of the resource group for which the lock applies.

  defaultValue: None
  pipelineInput: true
  position: Named
  aliases: ""
  parameterValueGroup: ""
- type: <xref href="System.String" data-throw-if-not-resolved="False" />
  name: ResourceName
  isRequired: true
  description: |+
    Specifies the name of the resource for which the lock applies.
    For instance, to specify a database, use the following format: 
    Server`/`Database

  defaultValue: None
  pipelineInput: true
  position: Named
  aliases: ""
  parameterValueGroup: ""
- type: <xref href="System.String" data-throw-if-not-resolved="False" />
  name: ResourceType
  isRequired: true
  description: |+
    Specifies the resource type for which the lock applies.

  defaultValue: None
  pipelineInput: true
  position: Named
  aliases: ""
  parameterValueGroup: ""
- type: <xref href="System.String" data-throw-if-not-resolved="False" />
  name: Scope
  isRequired: true
  description: |+
    Specifies the scope to which the lock applies.
    For instance, to specify a database, use the following format: 
    `/subscriptions/`subscription ID`/resourceGroups/`resource group name`/providers/Microsoft.Sql/servers/`server name`/databases/`database name
    To specify a resource group, use the following format: 
    `/subscriptions/`subscription ID`/resourceGroups/`resource group name

  defaultValue: None
  pipelineInput: true
  position: Named
  aliases: ""
  parameterValueGroup: ""
- type: <xref href="System.Management.Automation.SwitchParameter" data-throw-if-not-resolved="False" />
  name: TenantLevel
  isRequired: true
  description: |+
    Indicates that this cmdlet operates at the tenant level.

  defaultValue: None
  position: Named
  aliases: ""
  parameterValueGroup: ""
- type: <xref href="System.Management.Automation.SwitchParameter" data-throw-if-not-resolved="False" />
  name: WhatIf
  description: |+
    Shows what would happen if the cmdlet runs.
    The cmdlet is not run.

  defaultValue: "False"
  position: Named
  aliases: wi
  parameterValueGroup: ""
uid: Az.Resources.Set-AzResourceLock
name: Set-AzResourceLock
description: |-
  The **Set-AzResourceLock** cmdlet modifies a resource lock.
metadata:
  external help file: Microsoft.Azure.PowerShell.Cmdlets.ResourceManager.dll-Help.xml
  Module Name: Az.Resources
  ms.assetid: 770093CD-CE2A-4076-8A28-F4DCFFB7A075
  online version: https://docs.microsoft.com/en-us/powershell/module/az.resources/set-azresourcelock
  schema: 2.0.0
  content_git_url: https://github.com/Azure/azure-powershell/blob/master/src/Resources/Resources/help/Set-AzResourceLock.md
  original_content_git_url: https://github.com/Azure/azure-powershell/blob/master/src/Resources/Resources/help/Set-AzResourceLock.md
